
Microsoft Visual Studio Solution File, Format Version 12.00
# Visual Studio 15
VisualStudioVersion = 15.0.26430.16
MinimumVisualStudioVersion = 10.0.40219.1
Project("{FAE04EC0-301F-11D3-BF4B-00C04F79EFBC}") = "VideoPlayControlServer", "VideoPlayControlServer\VideoPlayControlServer.csproj", "{9203AB58-3F5A-4E2D-BB03-4B21A8F62D19}"
EndProject
Project("{FAE04EC0-301F-11D3-BF4B-00C04F79EFBC}") = "CustomCodeResource", "..\CustomCodeResource\CustomCodeResource\CustomCodeResource\CustomCodeResource.csproj", "{0AF7A460-6CEB-4866-9088-F29E17A46804}"
EndProject
Global
	GlobalSection(SolutionConfigurationPlatforms) = preSolution
		Debug|Any CPU = Debug|Any CPU
		Release|Any CPU = Release|Any CPU
	EndGlobalSection
	GlobalSection(ProjectConfigurationPlatforms) = postSolution
		{9203AB58-3F5A-4E2D-BB03-4B21A8F62D19}.Debug|Any CPU.ActiveCfg = Debug|Any CPU
		{9203AB58-3F5A-4E2D-BB03-4B21A8F62D19}.Debug|Any CPU.Build.0 = Debug|Any CPU
		{9203AB58-3F5A-4E2D-BB03-4B21A8F62D19}.Release|Any CPU.ActiveCfg = Release|Any CPU
		{9203AB58-3F5A-4E2D-BB03-4B21A8F62D19}.Release|Any CPU.Build.0 = Release|Any CPU
		{0AF7A460-6CEB-4866-9088-F29E17A46804}.Debug|Any CPU.ActiveCfg = Debug|Any CPU
		{0AF7A460-6CEB-4866-9088-F29E17A46804}.Debug|Any CPU.Build.0 = Debug|Any CPU
		{0AF7A460-6CEB-4866-9088-F29E17A46804}.Release|Any CPU.ActiveCfg = Release|Any CPU
		{0AF7A460-6CEB-4866-9088-F29E17A46804}.Release|Any CPU.Build.0 = Release|Any CPU
	EndGlobalSection
	GlobalSection(SolutionProperties) = preSolution
		HideSolutionNode = FALSE
	EndGlobalSection
EndGlobal
